
Microsoft Visual Studio Solution File, Format Version 12.00
# Visual Studio Version 16
VisualStudioVersion = 16.0.31205.134
MinimumVisualStudioVersion = 10.0.40219.1
Project("{9A19103F-16F7-4668-BE54-9A1E7A4F7556}") = "Hahn.ApplicatonProcess.February2021.Web", "Hahn.ApplicatonProcess.February2021.Web\Hahn.ApplicatonProcess.February2021.Web.csproj", "{5391E253-87C8-4D71-9A1A-2795CC3551B8}"
EndProject
Project("{9A19103F-16F7-4668-BE54-9A1E7A4F7556}") = "Hahn.ApplicatonProcess.February2021.Domain", "Hahn.ApplicatonProcess.February2021.Domain\Hahn.ApplicatonProcess.February2021.Domain.csproj", "{8702D5AA-7EE3-434B-BDD6-94D2442EE61B}"
EndProject
Project("{9A19103F-16F7-4668-BE54-9A1E7A4F7556}") = "Hahn.ApplicatonProcess.February2021.Data", "Hahn.ApplicatonProcess.February2021.Data\Hahn.ApplicatonProcess.February2021.Data.csproj", "{1BC4729B-2842-4777-9779-BBECDE88214A}"
EndProject
Project("{2150E333-8FDC-42A3-9474-1A3956D46DE8}") = "Tests", "Tests", "{1EF06DA2-EB59-4D6C-A54B-5B75B1C56ED7}"
EndProject
Project("{9A19103F-16F7-4668-BE54-9A1E7A4F7556}") = "Hahn.ApplicatonProcess.February2021.RepositoriesTest", "Hahn.ApplicatonProcess.February2021.RepositoriesTest\Hahn.ApplicatonProcess.February2021.RepositoriesTest.csproj", "{108AF872-B0B1-4ED0-AC21-E61E6F4E809A}"
EndProject
Project("{FAE04EC0-301F-11D3-BF4B-00C04F79EFBC}") = "Hahn.ApplicatonProcess.February2021.IntegrationTests", "Hahn.ApplicatonProcess.February2021.IntegrationTests\Hahn.ApplicatonProcess.February2021.IntegrationTests.csproj", "{77A995EA-6182-4748-ACB1-CB4F181AD351}"
EndProject
Global
	GlobalSection(SolutionConfigurationPlatforms) = preSolution
		Debug|Any CPU = Debug|Any CPU
		Release|Any CPU = Release|Any CPU
	EndGlobalSection
	GlobalSection(ProjectConfigurationPlatforms) = postSolution
		{5391E253-87C8-4D71-9A1A-2795CC3551B8}.Debug|Any CPU.ActiveCfg = Debug|Any CPU
		{5391E253-87C8-4D71-9A1A-2795CC3551B8}.Debug|Any CPU.Build.0 = Debug|Any CPU
		{5391E253-87C8-4D71-9A1A-2795CC3551B8}.Release|Any CPU.ActiveCfg = Release|Any CPU
		{5391E253-87C8-4D71-9A1A-2795CC3551B8}.Release|Any CPU.Build.0 = Release|Any CPU
		{8702D5AA-7EE3-434B-BDD6-94D2442EE61B}.Debug|Any CPU.ActiveCfg = Debug|Any CPU
		{8702D5AA-7EE3-434B-BDD6-94D2442EE61B}.Debug|Any CPU.Build.0 = Debug|Any CPU
		{8702D5AA-7EE3-434B-BDD6-94D2442EE61B}.Release|Any CPU.ActiveCfg = Release|Any CPU
		{8702D5AA-7EE3-434B-BDD6-94D2442EE61B}.Release|Any CPU.Build.0 = Release|Any CPU
		{1BC4729B-2842-4777-9779-BBECDE88214A}.Debug|Any CPU.ActiveCfg = Debug|Any CPU
		{1BC4729B-2842-4777-9779-BBECDE88214A}.Debug|Any CPU.Build.0 = Debug|Any CPU
		{1BC4729B-2842-4777-9779-BBECDE88214A}.Release|Any CPU.ActiveCfg = Release|Any CPU
		{1BC4729B-2842-4777-9779-BBECDE88214A}.Release|Any CPU.Build.0 = Release|Any CPU
		{108AF872-B0B1-4ED0-AC21-E61E6F4E809A}.Debug|Any CPU.ActiveCfg = Debug|Any CPU
		{108AF872-B0B1-4ED0-AC21-E61E6F4E809A}.Debug|Any CPU.Build.0 = Debug|Any CPU
		{108AF872-B0B1-4ED0-AC21-E61E6F4E809A}.Release|Any CPU.ActiveCfg = Release|Any CPU
		{108AF872-B0B1-4ED0-AC21-E61E6F4E809A}.Release|Any CPU.Build.0 = Release|Any CPU
		{77A995EA-6182-4748-ACB1-CB4F181AD351}.Debug|Any CPU.ActiveCfg = Debug|Any CPU
		{77A995EA-6182-4748-ACB1-CB4F181AD351}.Debug|Any CPU.Build.0 = Debug|Any CPU
		{77A995EA-6182-4748-ACB1-CB4F181AD351}.Release|Any CPU.ActiveCfg = Release|Any CPU
		{77A995EA-6182-4748-ACB1-CB4F181AD351}.Release|Any CPU.Build.0 = Release|Any CPU
	EndGlobalSection
	GlobalSection(SolutionProperties) = preSolution
		HideSolutionNode = FALSE
	EndGlobalSection
	GlobalSection(NestedProjects) = preSolution
		{108AF872-B0B1-4ED0-AC21-E61E6F4E809A} = {1EF06DA2-EB59-4D6C-A54B-5B75B1C56ED7}
		{77A995EA-6182-4748-ACB1-CB4F181AD351} = {1EF06DA2-EB59-4D6C-A54B-5B75B1C56ED7}
	EndGlobalSection
	GlobalSection(ExtensibilityGlobals) = postSolution
		SolutionGuid = {92BAE9B4-AC1A-4882-8389-4F7D03F02F64}
	EndGlobalSection
EndGlobal
